
Microsoft Visual Studio Solution File, Format Version 12.00
# Visual Studio 15
VisualStudioVersion = 15.0.27004.2008
MinimumVisualStudioVersion = 10.0.40219.1
Project("{FAE04EC0-301F-11D3-BF4B-00C04F79EFBC}") = "MySudokuGame", "MySudokuGame.csproj", "{78C5A48B-71BA-4727-A5F0-FF2CB6F5077A}"
EndProject
Global
	GlobalSection(SolutionConfigurationPlatforms) = preSolution
		Debug|Any CPU = Debug|Any CPU
		Release|Any CPU = Release|Any CPU
	EndGlobalSection
	GlobalSection(ProjectConfigurationPlatforms) = postSolution
		{78C5A48B-71BA-4727-A5F0-FF2CB6F5077A}.Debug|Any CPU.ActiveCfg = Debug|Any CPU
		{78C5A48B-71BA-4727-A5F0-FF2CB6F5077A}.Debug|Any CPU.Build.0 = Debug|Any CPU
		{78C5A48B-71BA-4727-A5F0-FF2CB6F5077A}.Release|Any CPU.ActiveCfg = Release|Any CPU
		{78C5A48B-71BA-4727-A5F0-FF2CB6F5077A}.Release|Any CPU.Build.0 = Release|Any CPU
	EndGlobalSection
	GlobalSection(SolutionProperties) = preSolution
		HideSolutionNode = FALSE
	EndGlobalSection
	GlobalSection(ExtensibilityGlobals) = postSolution
		SolutionGuid = {03A3BE0B-E2F2-4E96-8BFE-662DC3CEF03A}
	EndGlobalSection
EndGlobal
